
Microsoft Visual Studio Solution File, Format Version 12.00
# Visual Studio Version 17
VisualStudioVersion = 17.5.33516.290
MinimumVisualStudioVersion = 10.0.40219.1
Project("{8BC9CEB8-8B4A-11D0-8D11-00A0C91BC942}") = "TextSeeker", "TextSeeker\TextSeeker.vcxproj", "{A343194F-4A1C-46EB-9A48-12ECA0712FDC}"
EndProject
Global
	GlobalSection(SolutionConfigurationPlatforms) = preSolution
		Debug|x64 = Debug|x64
		Debug|x86 = Debug|x86
		Release|x64 = Release|x64
		Release|x86 = Release|x86
	EndGlobalSection
	GlobalSection(ProjectConfigurationPlatforms) = postSolution
		{A343194F-4A1C-46EB-9A48-12ECA0712FDC}.Debug|x64.ActiveCfg = Debug|x64
		{A343194F-4A1C-46EB-9A48-12ECA0712FDC}.Debug|x64.Build.0 = Debug|x64
		{A343194F-4A1C-46EB-9A48-12ECA0712FDC}.Debug|x86.ActiveCfg = Debug|Win32
		{A343194F-4A1C-46EB-9A48-12ECA0712FDC}.Debug|x86.Build.0 = Debug|Win32
		{A343194F-4A1C-46EB-9A48-12ECA0712FDC}.Release|x64.ActiveCfg = Release|x64
		{A343194F-4A1C-46EB-9A48-12ECA0712FDC}.Release|x64.Build.0 = Release|x64
		{A343194F-4A1C-46EB-9A48-12ECA0712FDC}.Release|x86.ActiveCfg = Release|Win32
		{A343194F-4A1C-46EB-9A48-12ECA0712FDC}.Release|x86.Build.0 = Release|Win32
	EndGlobalSection
	GlobalSection(SolutionProperties) = preSolution
		HideSolutionNode = FALSE
	EndGlobalSection
	GlobalSection(ExtensibilityGlobals) = postSolution
		SolutionGuid = {C5444E2E-9CFA-4ADF-94E4-FCA044C708ED}
	EndGlobalSection
EndGlobal
